
Microsoft Visual Studio Solution File, Format Version 12.00
# Visual Studio Version 17
VisualStudioVersion = 17.3.32804.467
MinimumVisualStudioVersion = 10.0.40219.1
Project("{FAE04EC0-301F-11D3-BF4B-00C04F79EFBC}") = "ConsoleAppHealthCheck", "ConsoleAppHealthCheck\ConsoleAppHealthCheck.csproj", "{A397D49A-9B4A-4531-B993-0484A249E6B0}"
EndProject
Global
	GlobalSection(SolutionConfigurationPlatforms) = preSolution
		Debug|Any CPU = Debug|Any CPU
		Release|Any CPU = Release|Any CPU
	EndGlobalSection
	GlobalSection(ProjectConfigurationPlatforms) = postSolution
		{A397D49A-9B4A-4531-B993-0484A249E6B0}.Debug|Any CPU.ActiveCfg = Debug|Any CPU
		{A397D49A-9B4A-4531-B993-0484A249E6B0}.Debug|Any CPU.Build.0 = Debug|Any CPU
		{A397D49A-9B4A-4531-B993-0484A249E6B0}.Release|Any CPU.ActiveCfg = Release|Any CPU
		{A397D49A-9B4A-4531-B993-0484A249E6B0}.Release|Any CPU.Build.0 = Release|Any CPU
	EndGlobalSection
	GlobalSection(SolutionProperties) = preSolution
		HideSolutionNode = FALSE
	EndGlobalSection
	GlobalSection(ExtensibilityGlobals) = postSolution
		SolutionGuid = {AD2D1A7B-B9FA-4270-BD51-EC6A908AC2A9}
	EndGlobalSection
EndGlobal
